// !$*UTF8*$!
{
	archiveVersion = 1;
	classes = {
	};
	objectVersion = 77;
	objects = {

/* Begin PBXBuildFile section */
		BE2DD7EB2EE25FEC00F13CF0 /* WidgetKit.framework in Frameworks */ = {isa = PBXBuildFile; fileRef = BE5E92162EE1278500C2241E /* WidgetKit.framework */; };
		BE2DD7EC2EE25FEC00F13CF0 /* SwiftUI.framework in Frameworks */ = {isa = PBXBuildFile; fileRef = BE5E92182EE1278500C2241E /* SwiftUI.framework */; };
		BE2DD7F92EE25FED00F13CF0 /* ClipNote Widget Extension.appex in Embed Foundation Extensions */ = {isa = PBXBuildFile; fileRef = BE2DD7EA2EE25FEC00F13CF0 /* ClipNote Widget Extension.appex */; platformFilter = ios; settings = {ATTRIBUTES = (RemoveHeadersOnCopy, ); }; };
		BE2FD0972F8500F300C1D817 /* Constants.swift in Sources */ = {isa = PBXBuildFile; fileRef = BEE666DE2F5C67C1008C8134 /* Constants.swift */; };
		BE3285E52F776D7A00D66CCB /* OpenAppOption.swift in Sources */ = {isa = PBXBuildFile; fileRef = BE3285B92F776D7A00D66CCB /* OpenAppOption.swift */; };
		BE3286082F776D7A00D66CCB /* OpenAppOption.swift in Sources */ = {isa = PBXBuildFile; fileRef = BE3285B92F776D7A00D66CCB /* OpenAppOption.swift */; };
		BE994B642EDC522A008053C1 /* ClipNote Capture Extension.appex in Embed ExtensionKit Extensions */ = {isa = PBXBuildFile; fileRef = BE994B5B2EDC522A008053C1 /* ClipNote Capture Extension.appex */; platformFilter = ios; settings = {ATTRIBUTES = (RemoveHeadersOnCopy, ); }; };
		BEC15B1A2F3893AB002B7B82 /* TemporaryScreenCurtain in Frameworks */ = {isa = PBXBuildFile; productRef = BEC15B192F3893AB002B7B82 /* TemporaryScreenCurtain */; };
		BEE666E02F5C67C2008C8134 /* Constants.swift in Sources */ = {isa = PBXBuildFile; fileRef = BEE666DE2F5C67C1008C8134 /* Constants.swift */; };
		BEE666E12F5C67C2008C8134 /* Constants.swift in Sources */ = {isa = PBXBuildFile; fileRef = BEE666DE2F5C67C1008C8134 /* Constants.swift */; };
/* End PBXBuildFile section */

/* Begin PBXContainerItemProxy section */
		BE2DD7F72EE25FED00F13CF0 /* PBXContainerItemProxy */ = {
			isa = PBXContainerItemProxy;
			containerPortal = BE88546F2EDB01F20040399C /* Project object */;
			proxyType = 1;
			remoteGlobalIDString = BE2DD7E92EE25FEC00F13CF0;
			remoteInfo = WidgetExtensionExtension;
		};
		BE994B622EDC522A008053C1 /* PBXContainerItemProxy */ = {
			isa = PBXContainerItemProxy;
			containerPortal = BE88546F2EDB01F20040399C /* Project object */;
			proxyType = 1;
			remoteGlobalIDString = BE994B5A2EDC522A008053C1;
			remoteInfo = CaptureExtension;
		};
/* End PBXContainerItemProxy section */

/* Begin PBXCopyFilesBuildPhase section */
		BE5E922B2EE1278600C2241E /* Embed Foundation Extensions */ = {
			isa = PBXCopyFilesBuildPhase;
			buildActionMask = 2147483647;
			dstPath = "";
			dstSubfolderSpec = 13;
			files = (
				BE2DD7F92EE25FED00F13CF0 /* ClipNote Widget Extension.appex in Embed Foundation Extensions */,
			);
			name = "Embed Foundation Extensions";
			runOnlyForDeploymentPostprocessing = 0;
		};
		BE994B652EDC522A008053C1 /* Embed ExtensionKit Extensions */ = {
			isa = PBXCopyFilesBuildPhase;
			buildActionMask = 2147483647;
			dstPath = "$(EXTENSIONS_FOLDER_PATH)";
			dstSubfolderSpec = 16;
			files = (
				BE994B642EDC522A008053C1 /* ClipNote Capture Extension.appex in Embed ExtensionKit Extensions */,
			);
			name = "Embed ExtensionKit Extensions";
			runOnlyForDeploymentPostprocessing = 0;
		};
/* End PBXCopyFilesBuildPhase section */

/* Begin PBXFileReference section */
		BE2DD7EA2EE25FEC00F13CF0 /* ClipNote Widget Extension.appex */ = {isa = PBXFileReference; explicitFileType = "wrapper.app-extension"; includeInIndex = 0; path = "ClipNote Widget Extension.appex"; sourceTree = BUILT_PRODUCTS_DIR; };
		BE3285B92F776D7A00D66CCB /* OpenAppOption.swift */ = {isa = PBXFileReference; lastKnownFileType = sourcecode.swift; path = OpenAppOption.swift; sourceTree = "<group>"; };
		BE5E92162EE1278500C2241E /* WidgetKit.framework */ = {isa = PBXFileReference; lastKnownFileType = wrapper.framework; name = WidgetKit.framework; path = System/Library/Frameworks/WidgetKit.framework; sourceTree = SDKROOT; };
		BE5E92182EE1278500C2241E /* SwiftUI.framework */ = {isa = PBXFileReference; lastKnownFileType = wrapper.framework; name = SwiftUI.framework; path = System/Library/Frameworks/SwiftUI.framework; sourceTree = SDKROOT; };
		BE8854772EDB01F20040399C /* ClipNote.app */ = {isa = PBXFileReference; explicitFileType = wrapper.application; includeInIndex = 0; path = ClipNote.app; sourceTree = BUILT_PRODUCTS_DIR; };
		BE994B5B2EDC522A008053C1 /* ClipNote Capture Extension.appex */ = {isa = PBXFileReference; explicitFileType = "wrapper.extensionkit-extension"; includeInIndex = 0; path = "ClipNote Capture Extension.appex"; sourceTree = BUILT_PRODUCTS_DIR; };
		BEE666DE2F5C67C1008C8134 /* Constants.swift */ = {isa = PBXFileReference; lastKnownFileType = sourcecode.swift; path = Constants.swift; sourceTree = "<group>"; };
/* End PBXFileReference section */

/* Begin PBXFileSystemSynchronizedBuildFileExceptionSet section */
		BE0BD5922F77692E0056E6BC /* Exceptions for "AppIntents" folder in "ClipNote Widget Extension" target */ = {
			isa = PBXFileSystemSynchronizedBuildFileExceptionSet;
			membershipExceptions = (
				SetCameraControlAction.swift,
				SetURLForOpenURLAction.swift,
			);
			target = BE2DD7E92EE25FEC00F13CF0 /* ClipNote Widget Extension */;
		};
		BE0BF7E32EDC3CEA00E228F0 /* Exceptions for "ClipNote" folder in "ClipNote" target */ = {
			isa = PBXFileSystemSynchronizedBuildFileExceptionSet;
			membershipExceptions = (
				AppIcons/cbnote.svg,
				Info.plist,
			);
			target = BE8854762EDB01F20040399C /* ClipNote */;
		};
		BE2DD7FD2EE25FED00F13CF0 /* Exceptions for "WidgetExtension" folder in "ClipNote Widget Extension" target */ = {
			isa = PBXFileSystemSynchronizedBuildFileExceptionSet;
			membershipExceptions = (
				Info.plist,
			);
			target = BE2DD7E92EE25FEC00F13CF0 /* ClipNote Widget Extension */;
		};
		BE49CBE82EE6618E0058D021 /* Exceptions for "ClipNote" folder in "ClipNote Widget Extension" target */ = {
			isa = PBXFileSystemSynchronizedBuildFileExceptionSet;
			membershipExceptions = (
				Models/RecorderActivity.swift,
			);
			target = BE2DD7E92EE25FEC00F13CF0 /* ClipNote Widget Extension */;
		};
		BE994B692EDC522A008053C1 /* Exceptions for "CaptureExtension" folder in "ClipNote Capture Extension" target */ = {
			isa = PBXFileSystemSynchronizedBuildFileExceptionSet;
			membershipExceptions = (
				Info.plist,
			);
			target = BE994B5A2EDC522A008053C1 /* ClipNote Capture Extension */;
		};
		BEF0D9AB2EDFDB900059DFA3 /* Exceptions for "ClipNote" folder in "ClipNote Capture Extension" target */ = {
			isa = PBXFileSystemSynchronizedBuildFileExceptionSet;
			membershipExceptions = (
				Models/CaptureExtension/CaptureContext.swift,
				Models/CaptureExtension/CaptureIntent.swift,
				Models/Services/CameraService.swift,
				Views/CameraPreview.swift,
				Views/CameraView.swift,
			);
			target = BE994B5A2EDC522A008053C1 /* ClipNote Capture Extension */;
		};
/* End PBXFileSystemSynchronizedBuildFileExceptionSet section */

/* Begin PBXFileSystemSynchronizedRootGroup section */
		BE0BD3D22F7763DB0056E6BC /* AppIntents */ = {
			isa = PBXFileSystemSynchronizedRootGroup;
			exceptions = (
				BE0BD5922F77692E0056E6BC /* Exceptions for "AppIntents" folder in "ClipNote Widget Extension" target */,
			);
			path = AppIntents;
			sourceTree = "<group>";
		};
		BE2DD7ED2EE25FEC00F13CF0 /* WidgetExtension */ = {
			isa = PBXFileSystemSynchronizedRootGroup;
			exceptions = (
				BE2DD7FD2EE25FED00F13CF0 /* Exceptions for "WidgetExtension" folder in "ClipNote Widget Extension" target */,
			);
			path = WidgetExtension;
			sourceTree = "<group>";
		};
		BE8854792EDB01F20040399C /* ClipNote */ = {
			isa = PBXFileSystemSynchronizedRootGroup;
			exceptions = (
				BE0BF7E32EDC3CEA00E228F0 /* Exceptions for "ClipNote" folder in "ClipNote" target */,
				BEF0D9AB2EDFDB900059DFA3 /* Exceptions for "ClipNote" folder in "ClipNote Capture Extension" target */,
				BE49CBE82EE6618E0058D021 /* Exceptions for "ClipNote" folder in "ClipNote Widget Extension" target */,
			);
			path = ClipNote;
			sourceTree = "<group>";
		};
		BE994B5C2EDC522A008053C1 /* CaptureExtension */ = {
			isa = PBXFileSystemSynchronizedRootGroup;
			exceptions = (
				BE994B692EDC522A008053C1 /* Exceptions for "CaptureExtension" folder in "ClipNote Capture Extension" target */,
			);
			path = CaptureExtension;
			sourceTree = "<group>";
		};
/* End PBXFileSystemSynchronizedRootGroup section */

/* Begin PBXFrameworksBuildPhase section */
		BE2DD7E72EE25FEC00F13CF0 /* Frameworks */ = {
			isa = PBXFrameworksBuildPhase;
			buildActionMask = 2147483647;
			files = (
				BE2DD7EC2EE25FEC00F13CF0 /* SwiftUI.framework in Frameworks */,
				BE2DD7EB2EE25FEC00F13CF0 /* WidgetKit.framework in Frameworks */,
			);
			runOnlyForDeploymentPostprocessing = 0;
		};
		BE8854742EDB01F20040399C /* Frameworks */ = {
			isa = PBXFrameworksBuildPhase;
			buildActionMask = 2147483647;
			files = (
				BEC15B1A2F3893AB002B7B82 /* TemporaryScreenCurtain in Frameworks */,
			);
			runOnlyForDeploymentPostprocessing = 0;
		};
		BE994B582EDC522A008053C1 /* Frameworks */ = {
			isa = PBXFrameworksBuildPhase;
			buildActionMask = 2147483647;
			files = (
			);
			runOnlyForDeploymentPostprocessing = 0;
		};
/* End PBXFrameworksBuildPhase section */

/* Begin PBXGroup section */
		BE5E92152EE1278500C2241E /* Frameworks */ = {
			isa = PBXGroup;
			children = (
				BE5E92162EE1278500C2241E /* WidgetKit.framework */,
				BE5E92182EE1278500C2241E /* SwiftUI.framework */,
			);
			name = Frameworks;
			sourceTree = "<group>";
		};
		BE88546E2EDB01F20040399C = {
			isa = PBXGroup;
			children = (
				BEE666DE2F5C67C1008C8134 /* Constants.swift */,
				BE3285B92F776D7A00D66CCB /* OpenAppOption.swift */,
				BE0BD3D22F7763DB0056E6BC /* AppIntents */,
				BE8854792EDB01F20040399C /* ClipNote */,
				BE994B5C2EDC522A008053C1 /* CaptureExtension */,
				BE2DD7ED2EE25FEC00F13CF0 /* WidgetExtension */,
				BE5E92152EE1278500C2241E /* Frameworks */,
				BE8854782EDB01F20040399C /* Products */,
			);
			sourceTree = "<group>";
		};
		BE8854782EDB01F20040399C /* Products */ = {
			isa = PBXGroup;
			children = (
				BE8854772EDB01F20040399C /* ClipNote.app */,
				BE994B5B2EDC522A008053C1 /* ClipNote Capture Extension.appex */,
				BE2DD7EA2EE25FEC00F13CF0 /* ClipNote Widget Extension.appex */,
			);
			name = Products;
			sourceTree = "<group>";
		};
/* End PBXGroup section */

/* Begin PBXNativeTarget section */
		BE2DD7E92EE25FEC00F13CF0 /* ClipNote Widget Extension */ = {
			isa = PBXNativeTarget;
			buildConfigurationList = BE2DD7FA2EE25FED00F13CF0 /* Build configuration list for PBXNativeTarget "ClipNote Widget Extension" */;
			buildPhases = (
				BE2DD7E62EE25FEC00F13CF0 /* Sources */,
				BE2DD7E72EE25FEC00F13CF0 /* Frameworks */,
				BE2DD7E82EE25FEC00F13CF0 /* Resources */,
			);
			buildRules = (
			);
			dependencies = (
			);
			fileSystemSynchronizedGroups = (
				BE0BD3D22F7763DB0056E6BC /* AppIntents */,
				BE2DD7ED2EE25FEC00F13CF0 /* WidgetExtension */,
			);
			name = "ClipNote Widget Extension";
			packageProductDependencies = (
			);
			productName = WidgetExtensionExtension;
			productReference = BE2DD7EA2EE25FEC00F13CF0 /* ClipNote Widget Extension.appex */;
			productType = "com.apple.product-type.app-extension";
		};
		BE8854762EDB01F20040399C /* ClipNote */ = {
			isa = PBXNativeTarget;
			buildConfigurationList = BE8854842EDB01F30040399C /* Build configuration list for PBXNativeTarget "ClipNote" */;
			buildPhases = (
				BE8854732EDB01F20040399C /* Sources */,
				BE8854742EDB01F20040399C /* Frameworks */,
				BE8854752EDB01F20040399C /* Resources */,
				BE994B652EDC522A008053C1 /* Embed ExtensionKit Extensions */,
				BE5E922B2EE1278600C2241E /* Embed Foundation Extensions */,
			);
			buildRules = (
			);
			dependencies = (
				BE994B632EDC522A008053C1 /* PBXTargetDependency */,
				BE2DD7F82EE25FED00F13CF0 /* PBXTargetDependency */,
			);
			fileSystemSynchronizedGroups = (
				BE0BD3D22F7763DB0056E6BC /* AppIntents */,
				BE8854792EDB01F20040399C /* ClipNote */,
			);
			name = ClipNote;
			packageProductDependencies = (
				BEC15B192F3893AB002B7B82 /* TemporaryScreenCurtain */,
			);
			productName = ClipNote;
			productReference = BE8854772EDB01F20040399C /* ClipNote.app */;
			productType = "com.apple.product-type.application";
		};
		BE994B5A2EDC522A008053C1 /* ClipNote Capture Extension */ = {
			isa = PBXNativeTarget;
			buildConfigurationList = BE994B682EDC522A008053C1 /* Build configuration list for PBXNativeTarget "ClipNote Capture Extension" */;
			buildPhases = (
				BE994B572EDC522A008053C1 /* Sources */,
				BE994B582EDC522A008053C1 /* Frameworks */,
				BE994B592EDC522A008053C1 /* Resources */,
			);
			buildRules = (
			);
			dependencies = (
			);
			fileSystemSynchronizedGroups = (
				BE994B5C2EDC522A008053C1 /* CaptureExtension */,
			);
			name = "ClipNote Capture Extension";
			packageProductDependencies = (
			);
			productName = CaptureExtension;
			productReference = BE994B5B2EDC522A008053C1 /* ClipNote Capture Extension.appex */;
			productType = "com.apple.product-type.extensionkit-extension";
		};
/* End PBXNativeTarget section */

/* Begin PBXProject section */
		BE88546F2EDB01F20040399C /* Project object */ = {
			isa = PBXProject;
			attributes = {
				BuildIndependentTargetsInParallel = 1;
				LastSwiftUpdateCheck = 2610;
				LastUpgradeCheck = 2620;
				TargetAttributes = {
					BE2DD7E92EE25FEC00F13CF0 = {
						CreatedOnToolsVersion = 26.1.1;
					};
					BE8854762EDB01F20040399C = {
						CreatedOnToolsVersion = 26.1.1;
					};
					BE994B5A2EDC522A008053C1 = {
						CreatedOnToolsVersion = 26.1.1;
					};
				};
			};
			buildConfigurationList = BE8854722EDB01F20040399C /* Build configuration list for PBXProject "ClipNote" */;
			developmentRegion = en;
			hasScannedForEncodings = 0;
			knownRegions = (
				en,
				Base,
				ja,
			);
			mainGroup = BE88546E2EDB01F20040399C;
			minimizedProjectReferenceProxies = 1;
			packageReferences = (
				BEC15B182F3893AB002B7B82 /* XCRemoteSwiftPackageReference "swiftui-temporary-screen-curtain" */,
			);
			preferredProjectObjectVersion = 77;
			productRefGroup = BE8854782EDB01F20040399C /* Products */;
			projectDirPath = "";
			projectRoot = "";
			targets = (
				BE8854762EDB01F20040399C /* ClipNote */,
				BE994B5A2EDC522A008053C1 /* ClipNote Capture Extension */,
				BE2DD7E92EE25FEC00F13CF0 /* ClipNote Widget Extension */,
			);
		};
/* End PBXProject section */

/* Begin PBXResourcesBuildPhase section */
		BE2DD7E82EE25FEC00F13CF0 /* Resources */ = {
			isa = PBXResourcesBuildPhase;
			buildActionMask = 2147483647;
			files = (
			);
			runOnlyForDeploymentPostprocessing = 0;
		};
		BE8854752EDB01F20040399C /* Resources */ = {
			isa = PBXResourcesBuildPhase;
			buildActionMask = 2147483647;
			files = (
			);
			runOnlyForDeploymentPostprocessing = 0;
		};
		BE994B592EDC522A008053C1 /* Resources */ = {
			isa = PBXResourcesBuildPhase;
			buildActionMask = 2147483647;
			files = (
			);
			runOnlyForDeploymentPostprocessing = 0;
		};
/* End PBXResourcesBuildPhase section */

/* Begin PBXSourcesBuildPhase section */
		BE2DD7E62EE25FEC00F13CF0 /* Sources */ = {
			isa = PBXSourcesBuildPhase;
			buildActionMask = 2147483647;
			files = (
				BE3286082F776D7A00D66CCB /* OpenAppOption.swift in Sources */,
				BEE666E02F5C67C2008C8134 /* Constants.swift in Sources */,
			);
			runOnlyForDeploymentPostprocessing = 0;
		};
		BE8854732EDB01F20040399C /* Sources */ = {
			isa = PBXSourcesBuildPhase;
			buildActionMask = 2147483647;
			files = (
				BE3285E52F776D7A00D66CCB /* OpenAppOption.swift in Sources */,
				BEE666E12F5C67C2008C8134 /* Constants.swift in Sources */,
			);
			runOnlyForDeploymentPostprocessing = 0;
		};
		BE994B572EDC522A008053C1 /* Sources */ = {
			isa = PBXSourcesBuildPhase;
			buildActionMask = 2147483647;
			files = (
				BE2FD0972F8500F300C1D817 /* Constants.swift in Sources */,
			);
			runOnlyForDeploymentPostprocessing = 0;
		};
/* End PBXSourcesBuildPhase section */

/* Begin PBXTargetDependency section */
		BE2DD7F82EE25FED00F13CF0 /* PBXTargetDependency */ = {
			isa = PBXTargetDependency;
			platformFilter = ios;
			target = BE2DD7E92EE25FEC00F13CF0 /* ClipNote Widget Extension */;
			targetProxy = BE2DD7F72EE25FED00F13CF0 /* PBXContainerItemProxy */;
		};
		BE994B632EDC522A008053C1 /* PBXTargetDependency */ = {
			isa = PBXTargetDependency;
			platformFilter = ios;
			target = BE994B5A2EDC522A008053C1 /* ClipNote Capture Extension */;
			targetProxy = BE994B622EDC522A008053C1 /* PBXContainerItemProxy */;
		};
/* End PBXTargetDependency section */

/* Begin XCBuildConfiguration section */
		BE2DD7FB2EE25FED00F13CF0 /* Debug */ = {
			isa = XCBuildConfiguration;
			buildSettings = {
				ASSETCATALOG_COMPILER_GLOBAL_ACCENT_COLOR_NAME = AccentColor;
				ASSETCATALOG_COMPILER_WIDGET_BACKGROUND_COLOR_NAME = WidgetBackground;
				CODE_SIGN_STYLE = Automatic;
				CURRENT_PROJECT_VERSION = 56;
				DEVELOPMENT_TEAM = LB39V3CF77;
				GENERATE_INFOPLIST_FILE = YES;
				INFOPLIST_FILE = WidgetExtension/Info.plist;
				INFOPLIST_KEY_CFBundleDisplayName = "ClipNote Widget Extension";
				INFOPLIST_KEY_NSHumanReadableCopyright = "";
				IPHONEOS_DEPLOYMENT_TARGET = 26.1;
				LD_RUNPATH_SEARCH_PATHS = (
					"$(inherited)",
					"@executable_path/Frameworks",
					"@executable_path/../../Frameworks",
				);
				MARKETING_VERSION = 2.8;
				PRODUCT_BUNDLE_IDENTIFIER = com.fkeil.ClipNote.WidgetExtension;
				PRODUCT_NAME = "$(TARGET_NAME)";
				SKIP_INSTALL = YES;
				STRING_CATALOG_GENERATE_SYMBOLS = YES;
				SUPPORTED_PLATFORMS = "iphoneos iphonesimulator";
				SUPPORTS_MACCATALYST = NO;
				SUPPORTS_MAC_DESIGNED_FOR_IPHONE_IPAD = NO;
				SUPPORTS_XR_DESIGNED_FOR_IPHONE_IPAD = NO;
				SWIFT_APPROACHABLE_CONCURRENCY = YES;
				SWIFT_EMIT_LOC_STRINGS = YES;
				SWIFT_UPCOMING_FEATURE_MEMBER_IMPORT_VISIBILITY = YES;
				SWIFT_VERSION = 5.0;
				TARGETED_DEVICE_FAMILY = "1,2";
			};
			name = Debug;
		};
		BE2DD7FC2EE25FED00F13CF0 /* Release */ = {
			isa = XCBuildConfiguration;
			buildSettings = {
				ASSETCATALOG_COMPILER_GLOBAL_ACCENT_COLOR_NAME = AccentColor;
				ASSETCATALOG_COMPILER_WIDGET_BACKGROUND_COLOR_NAME = WidgetBackground;
				CODE_SIGN_STYLE = Automatic;
				CURRENT_PROJECT_VERSION = 56;
				DEVELOPMENT_TEAM = LB39V3CF77;
				GENERATE_INFOPLIST_FILE = YES;
				INFOPLIST_FILE = WidgetExtension/Info.plist;
				INFOPLIST_KEY_CFBundleDisplayName = "ClipNote Widget Extension";
				INFOPLIST_KEY_NSHumanReadableCopyright = "";
				IPHONEOS_DEPLOYMENT_TARGET = 26.1;
				LD_RUNPATH_SEARCH_PATHS = (
					"$(inherited)",
					"@executable_path/Frameworks",
					"@executable_path/../../Frameworks",
				);
				MARKETING_VERSION = 2.8;
				PRODUCT_BUNDLE_IDENTIFIER = com.fkeil.ClipNote.WidgetExtension;
				PRODUCT_NAME = "$(TARGET_NAME)";
				SKIP_INSTALL = YES;
				STRING_CATALOG_GENERATE_SYMBOLS = YES;
				SUPPORTED_PLATFORMS = "iphoneos iphonesimulator";
				SUPPORTS_MACCATALYST = NO;
				SUPPORTS_MAC_DESIGNED_FOR_IPHONE_IPAD = NO;
				SUPPORTS_XR_DESIGNED_FOR_IPHONE_IPAD = NO;
				SWIFT_APPROACHABLE_CONCURRENCY = YES;
				SWIFT_EMIT_LOC_STRINGS = YES;
				SWIFT_UPCOMING_FEATURE_MEMBER_IMPORT_VISIBILITY = YES;
				SWIFT_VERSION = 5.0;
				TARGETED_DEVICE_FAMILY = "1,2";
			};
			name = Release;
		};
		BE8854822EDB01F30040399C /* Debug */ = {
			isa = XCBuildConfiguration;
			buildSettings = {
				ALWAYS_SEARCH_USER_PATHS = NO;
				ASSETCATALOG_COMPILER_GENERATE_SWIFT_ASSET_SYMBOL_EXTENSIONS = YES;
				CLANG_ANALYZER_LOCALIZABILITY_NONLOCALIZED = YES;
				CLANG_ANALYZER_NONNULL = YES;
				CLANG_ANALYZER_NUMBER_OBJECT_CONVERSION = YES_AGGRESSIVE;
				CLANG_CXX_LANGUAGE_STANDARD = "gnu++20";
				CLANG_ENABLE_MODULES = YES;
				CLANG_ENABLE_OBJC_ARC = YES;
				CLANG_ENABLE_OBJC_WEAK = YES;
				CLANG_WARN_BLOCK_CAPTURE_AUTORELEASING = YES;
				CLANG_WARN_BOOL_CONVERSION = YES;
				CLANG_WARN_COMMA = YES;
				CLANG_WARN_CONSTANT_CONVERSION = YES;
				CLANG_WARN_DEPRECATED_OBJC_IMPLEMENTATIONS = YES;
				CLANG_WARN_DIRECT_OBJC_ISA_USAGE = YES_ERROR;
				CLANG_WARN_DOCUMENTATION_COMMENTS = YES;
				CLANG_WARN_EMPTY_BODY = YES;
				CLANG_WARN_ENUM_CONVERSION = YES;
				CLANG_WARN_INFINITE_RECURSION = YES;
				CLANG_WARN_INT_CONVERSION = YES;
				CLANG_WARN_NON_LITERAL_NULL_CONVERSION = YES;
				CLANG_WARN_OBJC_IMPLICIT_RETAIN_SELF = YES;
				CLANG_WARN_OBJC_LITERAL_CONVERSION = YES;
				CLANG_WARN_OBJC_ROOT_CLASS = YES_ERROR;
				CLANG_WARN_QUOTED_INCLUDE_IN_FRAMEWORK_HEADER = YES;
				CLANG_WARN_RANGE_LOOP_ANALYSIS = YES;
				CLANG_WARN_STRICT_PROTOTYPES = YES;
				CLANG_WARN_SUSPICIOUS_MOVE = YES;
				CLANG_WARN_UNGUARDED_AVAILABILITY = YES_AGGRESSIVE;
				CLANG_WARN_UNREACHABLE_CODE = YES;
				CLANG_WARN__DUPLICATE_METHOD_MATCH = YES;
				COPY_PHASE_STRIP = NO;
				DEBUG_INFORMATION_FORMAT = dwarf;
				DEVELOPMENT_TEAM = LB39V3CF77;
				ENABLE_STRICT_OBJC_MSGSEND = YES;
				ENABLE_TESTABILITY = YES;
				ENABLE_USER_SCRIPT_SANDBOXING = YES;
				GCC_C_LANGUAGE_STANDARD = gnu17;
				GCC_DYNAMIC_NO_PIC = NO;
				GCC_NO_COMMON_BLOCKS = YES;
				GCC_OPTIMIZATION_LEVEL = 0;
				GCC_PREPROCESSOR_DEFINITIONS = (
					"DEBUG=1",
					"$(inherited)",
				);
				GCC_WARN_64_TO_32_BIT_CONVERSION = YES;
				GCC_WARN_ABOUT_RETURN_TYPE = YES_ERROR;
				GCC_WARN_UNDECLARED_SELECTOR = YES;
				GCC_WARN_UNINITIALIZED_AUTOS = YES_AGGRESSIVE;
				GCC_WARN_UNUSED_FUNCTION = YES;
				GCC_WARN_UNUSED_VARIABLE = YES;
				IPHONEOS_DEPLOYMENT_TARGET = 26.1;
				LOCALIZATION_PREFERS_STRING_CATALOGS = YES;
				MTL_ENABLE_DEBUG_INFO = INCLUDE_SOURCE;
				MTL_FAST_MATH = YES;
				ONLY_ACTIVE_ARCH = YES;
				SDKROOT = iphoneos;
				STRING_CATALOG_GENERATE_SYMBOLS = YES;
				SWIFT_ACTIVE_COMPILATION_CONDITIONS = "DEBUG $(inherited)";
				SWIFT_EMIT_LOC_STRINGS = YES;
				SWIFT_OPTIMIZATION_LEVEL = "-Onone";
			};
			name = Debug;
		};
		BE8854832EDB01F30040399C /* Release */ = {
			isa = XCBuildConfiguration;
			buildSettings = {
				ALWAYS_SEARCH_USER_PATHS = NO;
				ASSETCATALOG_COMPILER_GENERATE_SWIFT_ASSET_SYMBOL_EXTENSIONS = YES;
				CLANG_ANALYZER_LOCALIZABILITY_NONLOCALIZED = YES;
				CLANG_ANALYZER_NONNULL = YES;
				CLANG_ANALYZER_NUMBER_OBJECT_CONVERSION = YES_AGGRESSIVE;
				CLANG_CXX_LANGUAGE_STANDARD = "gnu++20";
				CLANG_ENABLE_MODULES = YES;
				CLANG_ENABLE_OBJC_ARC = YES;
				CLANG_ENABLE_OBJC_WEAK = YES;
				CLANG_WARN_BLOCK_CAPTURE_AUTORELEASING = YES;
				CLANG_WARN_BOOL_CONVERSION = YES;
				CLANG_WARN_COMMA = YES;
				CLANG_WARN_CONSTANT_CONVERSION = YES;
				CLANG_WARN_DEPRECATED_OBJC_IMPLEMENTATIONS = YES;
				CLANG_WARN_DIRECT_OBJC_ISA_USAGE = YES_ERROR;
				CLANG_WARN_DOCUMENTATION_COMMENTS = YES;
				CLANG_WARN_EMPTY_BODY = YES;
				CLANG_WARN_ENUM_CONVERSION = YES;
				CLANG_WARN_INFINITE_RECURSION = YES;
				CLANG_WARN_INT_CONVERSION = YES;
				CLANG_WARN_NON_LITERAL_NULL_CONVERSION = YES;
				CLANG_WARN_OBJC_IMPLICIT_RETAIN_SELF = YES;
				CLANG_WARN_OBJC_LITERAL_CONVERSION = YES;
				CLANG_WARN_OBJC_ROOT_CLASS = YES_ERROR;
				CLANG_WARN_QUOTED_INCLUDE_IN_FRAMEWORK_HEADER = YES;
				CLANG_WARN_RANGE_LOOP_ANALYSIS = YES;
				CLANG_WARN_STRICT_PROTOTYPES = YES;
				CLANG_WARN_SUSPICIOUS_MOVE = YES;
				CLANG_WARN_UNGUARDED_AVAILABILITY = YES_AGGRESSIVE;
				CLANG_WARN_UNREACHABLE_CODE = YES;
				CLANG_WARN__DUPLICATE_METHOD_MATCH = YES;
				COPY_PHASE_STRIP = NO;
				DEBUG_INFORMATION_FORMAT = "dwarf-with-dsym";
				DEVELOPMENT_TEAM = LB39V3CF77;
				ENABLE_NS_ASSERTIONS = NO;
				ENABLE_STRICT_OBJC_MSGSEND = YES;
				ENABLE_USER_SCRIPT_SANDBOXING = YES;
				GCC_C_LANGUAGE_STANDARD = gnu17;
				GCC_NO_COMMON_BLOCKS = YES;
				GCC_WARN_64_TO_32_BIT_CONVERSION = YES;
				GCC_WARN_ABOUT_RETURN_TYPE = YES_ERROR;
				GCC_WARN_UNDECLARED_SELECTOR = YES;
				GCC_WARN_UNINITIALIZED_AUTOS = YES_AGGRESSIVE;
				GCC_WARN_UNUSED_FUNCTION = YES;
				GCC_WARN_UNUSED_VARIABLE = YES;
				IPHONEOS_DEPLOYMENT_TARGET = 26.1;
				LOCALIZATION_PREFERS_STRING_CATALOGS = YES;
				MTL_ENABLE_DEBUG_INFO = NO;
				MTL_FAST_MATH = YES;
				SDKROOT = iphoneos;
				STRING_CATALOG_GENERATE_SYMBOLS = YES;
				SWIFT_COMPILATION_MODE = wholemodule;
				SWIFT_EMIT_LOC_STRINGS = YES;
				VALIDATE_PRODUCT = YES;
			};
			name = Release;
		};
		BE8854852EDB01F30040399C /* Debug */ = {
			isa = XCBuildConfiguration;
			buildSettings = {
				ASSETCATALOG_COMPILER_APPICON_NAME = AppIcon;
				ASSETCATALOG_COMPILER_GLOBAL_ACCENT_COLOR_NAME = AccentColor;
				ASSETCATALOG_COMPILER_ALTERNATE_APPICON_NAMES = "Invert Pride Unity";
				CODE_SIGN_IDENTITY = "Apple Development";
				CODE_SIGN_STYLE = Automatic;
				CURRENT_PROJECT_VERSION = 56;
				DEVELOPMENT_TEAM = LB39V3CF77;
				ENABLE_APP_SANDBOX = YES;
				ENABLE_INCOMING_NETWORK_CONNECTIONS = NO;
				ENABLE_OUTGOING_NETWORK_CONNECTIONS = YES;
				ENABLE_PREVIEWS = YES;
				ENABLE_RESOURCE_ACCESS_AUDIO_INPUT = YES;
				ENABLE_RESOURCE_ACCESS_BLUETOOTH = NO;
				ENABLE_RESOURCE_ACCESS_CALENDARS = NO;
				ENABLE_RESOURCE_ACCESS_CAMERA = YES;
				ENABLE_RESOURCE_ACCESS_CONTACTS = NO;
				ENABLE_RESOURCE_ACCESS_LOCATION = NO;
				ENABLE_RESOURCE_ACCESS_PRINTING = NO;
				ENABLE_RESOURCE_ACCESS_USB = NO;
				ENABLE_USER_SELECTED_FILES = readwrite;
				GENERATE_INFOPLIST_FILE = YES;
				INFOPLIST_FILE = ClipNote/Info.plist;
				INFOPLIST_KEY_ITSAppUsesNonExemptEncryption = NO;
				INFOPLIST_KEY_LSApplicationCategoryType = "public.app-category.utilities";
				INFOPLIST_KEY_LSSupportsOpeningDocumentsInPlace = YES;
				INFOPLIST_KEY_NSCameraUsageDescription = "Use the camera to save captured photos as notes.";
				INFOPLIST_KEY_NSLocationAlwaysAndWhenInUseUsageDescription = "ClipNote uses background location updates to keep running so it can notice when you copy something. Your location is never saved.";
				INFOPLIST_KEY_NSLocationWhenInUseUsageDescription = "ClipNote uses background location updates to keep running so it can notice when you copy something. Your location is never saved.";
				INFOPLIST_KEY_NSMicrophoneUsageDescription = "Use the microphone to record audio notes.";
				INFOPLIST_KEY_NSPhotoLibraryAddUsageDescription = "Save the image from the note to your Photo Library.";
				INFOPLIST_KEY_NSSupportsLiveActivities = YES;
				INFOPLIST_KEY_UIApplicationSupportsIndirectInputEvents = YES;
				INFOPLIST_KEY_UILaunchScreen_Generation = YES;
				INFOPLIST_KEY_UISupportedInterfaceOrientations = "UIInterfaceOrientationLandscapeLeft UIInterfaceOrientationLandscapeRight UIInterfaceOrientationPortrait UIInterfaceOrientationPortraitUpsideDown";
				IPHONEOS_DEPLOYMENT_TARGET = 26.1;
				LD_RUNPATH_SEARCH_PATHS = (
					"$(inherited)",
					"@executable_path/Frameworks",
				);
				MARKETING_VERSION = 2.8;
				PRODUCT_BUNDLE_IDENTIFIER = com.fkeil.ClipNote;
				PRODUCT_NAME = "$(TARGET_NAME)";
				PROVISIONING_PROFILE_SPECIFIER = "";
				STRING_CATALOG_GENERATE_SYMBOLS = YES;
				SUPPORTED_PLATFORMS = "iphoneos iphonesimulator";
				SUPPORTS_MACCATALYST = YES;
				SUPPORTS_MAC_DESIGNED_FOR_IPHONE_IPAD = NO;
				SUPPORTS_XR_DESIGNED_FOR_IPHONE_IPAD = YES;
				SWIFT_APPROACHABLE_CONCURRENCY = YES;
				SWIFT_DEFAULT_ACTOR_ISOLATION = MainActor;
				SWIFT_EMIT_LOC_STRINGS = YES;
				SWIFT_UPCOMING_FEATURE_MEMBER_IMPORT_VISIBILITY = YES;
				SWIFT_VERSION = 5.0;
				TARGETED_DEVICE_FAMILY = "1,2";
			};
			name = Debug;
		};
		BE8854862EDB01F30040399C /* Release */ = {
			isa = XCBuildConfiguration;
			buildSettings = {
				ASSETCATALOG_COMPILER_APPICON_NAME = AppIcon;
				ASSETCATALOG_COMPILER_GLOBAL_ACCENT_COLOR_NAME = AccentColor;
				ASSETCATALOG_COMPILER_ALTERNATE_APPICON_NAMES = "Invert Pride Unity";
				CODE_SIGN_IDENTITY = "Apple Development";
				CODE_SIGN_STYLE = Automatic;
				CURRENT_PROJECT_VERSION = 56;
				DEVELOPMENT_TEAM = LB39V3CF77;
				ENABLE_APP_SANDBOX = YES;
				ENABLE_INCOMING_NETWORK_CONNECTIONS = NO;
				ENABLE_OUTGOING_NETWORK_CONNECTIONS = YES;
				ENABLE_PREVIEWS = YES;
				ENABLE_RESOURCE_ACCESS_AUDIO_INPUT = YES;
				ENABLE_RESOURCE_ACCESS_BLUETOOTH = NO;
				ENABLE_RESOURCE_ACCESS_CALENDARS = NO;
				ENABLE_RESOURCE_ACCESS_CAMERA = YES;
				ENABLE_RESOURCE_ACCESS_CONTACTS = NO;
				ENABLE_RESOURCE_ACCESS_LOCATION = NO;
				ENABLE_RESOURCE_ACCESS_PRINTING = NO;
				ENABLE_RESOURCE_ACCESS_USB = NO;
				ENABLE_USER_SELECTED_FILES = readwrite;
				GENERATE_INFOPLIST_FILE = YES;
				INFOPLIST_FILE = ClipNote/Info.plist;
				INFOPLIST_KEY_ITSAppUsesNonExemptEncryption = NO;
				INFOPLIST_KEY_LSApplicationCategoryType = "public.app-category.utilities";
				INFOPLIST_KEY_LSSupportsOpeningDocumentsInPlace = YES;
				INFOPLIST_KEY_NSCameraUsageDescription = "Use the camera to save captured photos as notes.";
				INFOPLIST_KEY_NSLocationAlwaysAndWhenInUseUsageDescription = "ClipNote uses background location updates to keep running so it can notice when you copy something. Your location is never saved.";
				INFOPLIST_KEY_NSLocationWhenInUseUsageDescription = "ClipNote uses background location updates to keep running so it can notice when you copy something. Your location is never saved.";
				INFOPLIST_KEY_NSMicrophoneUsageDescription = "Use the microphone to record audio notes.";
				INFOPLIST_KEY_NSPhotoLibraryAddUsageDescription = "Save the image from the note to your Photo Library.";
				INFOPLIST_KEY_NSSupportsLiveActivities = YES;
				INFOPLIST_KEY_UIApplicationSupportsIndirectInputEvents = YES;
				INFOPLIST_KEY_UILaunchScreen_Generation = YES;
				INFOPLIST_KEY_UISupportedInterfaceOrientations = "UIInterfaceOrientationLandscapeLeft UIInterfaceOrientationLandscapeRight UIInterfaceOrientationPortrait UIInterfaceOrientationPortraitUpsideDown";
				IPHONEOS_DEPLOYMENT_TARGET = 26.1;
				LD_RUNPATH_SEARCH_PATHS = (
					"$(inherited)",
					"@executable_path/Frameworks",
				);
				MARKETING_VERSION = 2.8;
				PRODUCT_BUNDLE_IDENTIFIER = com.fkeil.ClipNote;
				PRODUCT_NAME = "$(TARGET_NAME)";
				PROVISIONING_PROFILE_SPECIFIER = "";
				STRING_CATALOG_GENERATE_SYMBOLS = YES;
				SUPPORTED_PLATFORMS = "iphoneos iphonesimulator";
				SUPPORTS_MACCATALYST = YES;
				SUPPORTS_MAC_DESIGNED_FOR_IPHONE_IPAD = NO;
				SUPPORTS_XR_DESIGNED_FOR_IPHONE_IPAD = YES;
				SWIFT_APPROACHABLE_CONCURRENCY = YES;
				SWIFT_DEFAULT_ACTOR_ISOLATION = MainActor;
				SWIFT_EMIT_LOC_STRINGS = YES;
				SWIFT_UPCOMING_FEATURE_MEMBER_IMPORT_VISIBILITY = YES;
				SWIFT_VERSION = 5.0;
				TARGETED_DEVICE_FAMILY = "1,2";
			};
			name = Release;
		};
		BE994B662EDC522A008053C1 /* Debug */ = {
			isa = XCBuildConfiguration;
			buildSettings = {
				CODE_SIGN_STYLE = Automatic;
				CURRENT_PROJECT_VERSION = 56;
				DEVELOPMENT_TEAM = LB39V3CF77;
				GENERATE_INFOPLIST_FILE = YES;
				INFOPLIST_FILE = CaptureExtension/Info.plist;
				INFOPLIST_KEY_CFBundleDisplayName = "ClipNote Capture Extension";
				INFOPLIST_KEY_NSCameraUsageDescription = "Save the image from the note to your photo library.";
				INFOPLIST_KEY_NSHumanReadableCopyright = "";
				IPHONEOS_DEPLOYMENT_TARGET = 26.1;
				LD_RUNPATH_SEARCH_PATHS = (
					"$(inherited)",
					"@executable_path/Frameworks",
					"@executable_path/../../Frameworks",
				);
				MARKETING_VERSION = 2.8;
				OTHER_SWIFT_FLAGS = "-D EXTENSION";
				PRODUCT_BUNDLE_IDENTIFIER = com.fkeil.ClipNote.CaptureExtension;
				PRODUCT_NAME = "$(TARGET_NAME)";
				SKIP_INSTALL = YES;
				STRING_CATALOG_GENERATE_SYMBOLS = YES;
				SUPPORTED_PLATFORMS = "iphoneos iphonesimulator";
				SUPPORTS_MACCATALYST = NO;
				SUPPORTS_MAC_DESIGNED_FOR_IPHONE_IPAD = NO;
				SUPPORTS_XR_DESIGNED_FOR_IPHONE_IPAD = NO;
				SWIFT_APPROACHABLE_CONCURRENCY = YES;
				SWIFT_EMIT_LOC_STRINGS = YES;
				SWIFT_UPCOMING_FEATURE_MEMBER_IMPORT_VISIBILITY = YES;
				SWIFT_VERSION = 5.0;
				TARGETED_DEVICE_FAMILY = "1,2";
			};
			name = Debug;
		};
		BE994B672EDC522A008053C1 /* Release */ = {
			isa = XCBuildConfiguration;
			buildSettings = {
				CODE_SIGN_STYLE = Automatic;
				CURRENT_PROJECT_VERSION = 56;
				DEVELOPMENT_TEAM = LB39V3CF77;
				GENERATE_INFOPLIST_FILE = YES;
				INFOPLIST_FILE = CaptureExtension/Info.plist;
				INFOPLIST_KEY_CFBundleDisplayName = "ClipNote Capture Extension";
				INFOPLIST_KEY_NSCameraUsageDescription = "Save the image from the note to your photo library.";
				INFOPLIST_KEY_NSHumanReadableCopyright = "";
				IPHONEOS_DEPLOYMENT_TARGET = 26.1;
				LD_RUNPATH_SEARCH_PATHS = (
					"$(inherited)",
					"@executable_path/Frameworks",
					"@executable_path/../../Frameworks",
				);
				MARKETING_VERSION = 2.8;
				OTHER_SWIFT_FLAGS = "-D EXTENSION";
				PRODUCT_BUNDLE_IDENTIFIER = com.fkeil.ClipNote.CaptureExtension;
				PRODUCT_NAME = "$(TARGET_NAME)";
				SKIP_INSTALL = YES;
				STRING_CATALOG_GENERATE_SYMBOLS = YES;
				SUPPORTED_PLATFORMS = "iphoneos iphonesimulator";
				SUPPORTS_MACCATALYST = NO;
				SUPPORTS_MAC_DESIGNED_FOR_IPHONE_IPAD = NO;
				SUPPORTS_XR_DESIGNED_FOR_IPHONE_IPAD = NO;
				SWIFT_APPROACHABLE_CONCURRENCY = YES;
				SWIFT_EMIT_LOC_STRINGS = YES;
				SWIFT_UPCOMING_FEATURE_MEMBER_IMPORT_VISIBILITY = YES;
				SWIFT_VERSION = 5.0;
				TARGETED_DEVICE_FAMILY = "1,2";
			};
			name = Release;
		};
/* End XCBuildConfiguration section */

/* Begin XCConfigurationList section */
		BE2DD7FA2EE25FED00F13CF0 /* Build configuration list for PBXNativeTarget "ClipNote Widget Extension" */ = {
			isa = XCConfigurationList;
			buildConfigurations = (
				BE2DD7FB2EE25FED00F13CF0 /* Debug */,
				BE2DD7FC2EE25FED00F13CF0 /* Release */,
			);
			defaultConfigurationIsVisible = 0;
			defaultConfigurationName = Release;
		};
		BE8854722EDB01F20040399C /* Build configuration list for PBXProject "ClipNote" */ = {
			isa = XCConfigurationList;
			buildConfigurations = (
				BE8854822EDB01F30040399C /* Debug */,
				BE8854832EDB01F30040399C /* Release */,
			);
			defaultConfigurationIsVisible = 0;
			defaultConfigurationName = Release;
		};
		BE8854842EDB01F30040399C /* Build configuration list for PBXNativeTarget "ClipNote" */ = {
			isa = XCConfigurationList;
			buildConfigurations = (
				BE8854852EDB01F30040399C /* Debug */,
				BE8854862EDB01F30040399C /* Release */,
			);
			defaultConfigurationIsVisible = 0;
			defaultConfigurationName = Release;
		};
		BE994B682EDC522A008053C1 /* Build configuration list for PBXNativeTarget "ClipNote Capture Extension" */ = {
			isa = XCConfigurationList;
			buildConfigurations = (
				BE994B662EDC522A008053C1 /* Debug */,
				BE994B672EDC522A008053C1 /* Release */,
			);
			defaultConfigurationIsVisible = 0;
			defaultConfigurationName = Release;
		};
/* End XCConfigurationList section */

/* Begin XCRemoteSwiftPackageReference section */
		BEC15B182F3893AB002B7B82 /* XCRemoteSwiftPackageReference "swiftui-temporary-screen-curtain" */ = {
			isa = XCRemoteSwiftPackageReference;
			repositoryURL = "https://github.com/Cizzuk/swiftui-temporary-screen-curtain";
			requirement = {
				branch = main;
				kind = branch;
			};
		};
/* End XCRemoteSwiftPackageReference section */

/* Begin XCSwiftPackageProductDependency section */
		BEC15B192F3893AB002B7B82 /* TemporaryScreenCurtain */ = {
			isa = XCSwiftPackageProductDependency;
			package = BEC15B182F3893AB002B7B82 /* XCRemoteSwiftPackageReference "swiftui-temporary-screen-curtain" */;
			productName = TemporaryScreenCurtain;
		};
/* End XCSwiftPackageProductDependency section */
	};
	rootObject = BE88546F2EDB01F20040399C /* Project object */;
}
